
Microsoft Visual Studio Solution File, Format Version 11.00
# Visual Studio 2010
Project("{FAE04EC0-301F-11D3-BF4B-00C04F79EFBC}") = "Tripolygon.UModelerX.PureCode.Hub.Editor", "Tripolygon.UModelerX.PureCode.Hub.Editor.csproj", "{2daa6e28-22ae-15f0-c276-fc0d63bf0f04}"
EndProject
Project("{FAE04EC0-301F-11D3-BF4B-00C04F79EFBC}") = "Assembly-CSharp", "Assembly-CSharp.csproj", "{2bd509c9-2dd6-312e-ba08-c7c7e225ec0f}"
EndProject
Project("{FAE04EC0-301F-11D3-BF4B-00C04F79EFBC}") = "Assembly-CSharp-Editor", "Assembly-CSharp-Editor.csproj", "{7f7d1ea4-ab61-b216-8270-9d002dc62699}"
EndProject
Global
	GlobalSection(SolutionConfigurationPlatforms) = preSolution
		Debug|Any CPU = Debug|Any CPU
	EndGlobalSection
	GlobalSection(ProjectConfigurationPlatforms) = postSolution
		{2daa6e28-22ae-15f0-c276-fc0d63bf0f04}.Debug|Any CPU.ActiveCfg = Debug|Any CPU
		{2daa6e28-22ae-15f0-c276-fc0d63bf0f04}.Debug|Any CPU.Build.0 = Debug|Any CPU
		{2bd509c9-2dd6-312e-ba08-c7c7e225ec0f}.Debug|Any CPU.ActiveCfg = Debug|Any CPU
		{2bd509c9-2dd6-312e-ba08-c7c7e225ec0f}.Debug|Any CPU.Build.0 = Debug|Any CPU
		{7f7d1ea4-ab61-b216-8270-9d002dc62699}.Debug|Any CPU.ActiveCfg = Debug|Any CPU
		{7f7d1ea4-ab61-b216-8270-9d002dc62699}.Debug|Any CPU.Build.0 = Debug|Any CPU
	EndGlobalSection
	GlobalSection(SolutionProperties) = preSolution
		HideSolutionNode = FALSE
	EndGlobalSection
EndGlobal
