
Microsoft Visual Studio Solution File, Format Version 11.00
# Visual Studio 2010
Project("{FAE04EC0-301F-11D3-BF4B-00C04F79EFBC}") = "Tripolygon.UModelerX.PureCode.Hub.Editor", "Tripolygon.UModelerX.PureCode.Hub.Editor.csproj", "{fd8d4933-9c8d-d5ad-3671-04fcef2e999c}"
EndProject
Project("{FAE04EC0-301F-11D3-BF4B-00C04F79EFBC}") = "Assembly-CSharp", "Assembly-CSharp.csproj", "{a2ba95f3-19e0-5134-9a26-01d1caccac64}"
EndProject
Project("{FAE04EC0-301F-11D3-BF4B-00C04F79EFBC}") = "Assembly-CSharp-Editor", "Assembly-CSharp-Editor.csproj", "{7e4f85d8-a55b-5903-97fb-2a4f714d04ab}"
EndProject
Global
	GlobalSection(SolutionConfigurationPlatforms) = preSolution
		Debug|Any CPU = Debug|Any CPU
	EndGlobalSection
	GlobalSection(ProjectConfigurationPlatforms) = postSolution
		{fd8d4933-9c8d-d5ad-3671-04fcef2e999c}.Debug|Any CPU.ActiveCfg = Debug|Any CPU
		{fd8d4933-9c8d-d5ad-3671-04fcef2e999c}.Debug|Any CPU.Build.0 = Debug|Any CPU
		{a2ba95f3-19e0-5134-9a26-01d1caccac64}.Debug|Any CPU.ActiveCfg = Debug|Any CPU
		{a2ba95f3-19e0-5134-9a26-01d1caccac64}.Debug|Any CPU.Build.0 = Debug|Any CPU
		{7e4f85d8-a55b-5903-97fb-2a4f714d04ab}.Debug|Any CPU.ActiveCfg = Debug|Any CPU
		{7e4f85d8-a55b-5903-97fb-2a4f714d04ab}.Debug|Any CPU.Build.0 = Debug|Any CPU
	EndGlobalSection
	GlobalSection(SolutionProperties) = preSolution
		HideSolutionNode = FALSE
	EndGlobalSection
EndGlobal
